<?xml version="1.0" encoding="utf-8"?>
<Project ToolsVersion="4.0" xmlns="http://schemas.microsoft.com/developer/msbuild/2003">
  <ItemGroup>
    <Filter Include="Source Files">
      <UniqueIdentifier>{4FC737F1-C7A5-4376-A066-2A32D752A2FF}</UniqueIdentifier>
      <Extensions>cpp;c;cc;cxx;def;odl;idl;hpj;bat;asm;asmx</Extensions>
    </Filter>
    <Filter Include="Source Files\UI">
      <UniqueIdentifier>{29daefa0-5ab8-4468-95f3-2fe7b73b8697}</UniqueIdentifier>
    </Filter>
    <Filter Include="Source Files\UnitTesting">
      <UniqueIdentifier>{9851b88f-26a2-4411-a458-3ee4302e622f}</UniqueIdentifier>
    </Filter>
    <Filter Include="Header Files">
      <UniqueIdentifier>{93995380-89BD-4b04-88EB-625FBE52EBFB}</UniqueIdentifier>
      <Extensions>h;hpp;hxx;hm;inl;inc;xsd</Extensions>
    </Filter>
    <Filter Include="Header Files\UI">
      <UniqueIdentifier>{4644ea77-ac87-4c89-906d-970af1f25893}</UniqueIdentifier>
    </Filter>
    <Filter Include="Header Files\Network">
      <UniqueIdentifier>{c9c9fed3-3b2e-45ed-b44c-ee96c413421d}</UniqueIdentifier>
    </Filter>
    <Filter Include="Resource Files">
      <UniqueIdentifier>{67DA6AB6-F800-4c08-8B7A-83BB121AAD01}</UniqueIdentifier>
      <Extensions>rc;ico;cur;bmp;dlg;rc2;rct;bin;rgs;gif;jpg;jpeg;jpe;resx;tiff;tif;png;wav</Extensions>
    </Filter>
  </ItemGroup>
  <ItemGroup>
    <ClCompile Include="color.cpp">
      <Filter>Source Files</Filter>
    </ClCompile>
    <ClCompile Include="game.cpp">
      <Filter>Source Files</Filter>
    </ClCompile>
    <ClCompile Include="multiplayerGame.cpp">
      <Filter>Source Files</Filter>
    </ClCompile>
    <ClCompile Include="tetromino.cpp">
      <Filter>Source Files</Filter>
    </ClCompile>
    <ClCompile Include="main.cpp">
      <Filter>Source Files\UI</Filter>
    </ClCompile>
    <ClCompile Include="ui_button.cpp">
      <Filter>Source Files\UI</Filter>
    </ClCompile>
    <ClCompile Include="ui_label.cpp">
      <Filter>Source Files\UI</Filter>
    </ClCompile>
    <ClCompile Include="ui_panel.cpp">
      <Filter>Source Files\UI</Filter>
    </ClCompile>
  </ItemGroup>
  <ItemGroup>
    <ClInclude Include="color.h">
      <Filter>Header Files</Filter>
    </ClInclude>
    <ClInclude Include="game.h">
      <Filter>Header Files</Filter>
    </ClInclude>
    <ClInclude Include="multiplayerGame.h">
      <Filter>Header Files</Filter>
    </ClInclude>
    <ClInclude Include="point2d.h">
      <Filter>Header Files</Filter>
    </ClInclude>
    <ClInclude Include="resource.h">
      <Filter>Header Files</Filter>
    </ClInclude>
    <ClInclude Include="tetromino.h">
      <Filter>Header Files</Filter>
    </ClInclude>
    <ClInclude Include="ui_button.h">
      <Filter>Header Files\UI</Filter>
    </ClInclude>
    <ClInclude Include="ui_label.h">
      <Filter>Header Files\UI</Filter>
    </ClInclude>
    <ClInclude Include="ui_panel.h">
      <Filter>Header Files\UI</Filter>
    </ClInclude>
    <ClInclude Include="userInterface.h">
      <Filter>Header Files\UI</Filter>
    </ClInclude>
  </ItemGroup>
  <ItemGroup>
    <None Include="model\block.x">
      <Filter>Resource Files</Filter>
    </None>
    <None Include="model\board.x">
      <Filter>Resource Files</Filter>
    </None>
    <None Include="rcdata1.bin">
      <Filter>Resource Files</Filter>
    </None>
  </ItemGroup>
  <ItemGroup>
    <Image Include="texture\menu.png">
      <Filter>Resource Files</Filter>
    </Image>
    <Image Include="Tetris.ico">
      <Filter>Resource Files</Filter>
    </Image>
  </ItemGroup>
  <ItemGroup>
    <ResourceCompile Include="Tetris.rc">
      <Filter>Resource Files</Filter>
    </ResourceCompile>
  </ItemGroup>
</Project>